
Microsoft Visual Studio Solution File, Format Version 12.00
# Visual Studio Version 16
VisualStudioVersion = 16.0.32413.511
MinimumVisualStudioVersion = 10.0.40219.1
Project("{FAE04EC0-301F-11D3-BF4B-00C04F79EFBC}") = "Maximum Number of Events That Can Be Attended", "Maximum Number of Events That Can Be Attended\Maximum Number of Events That Can Be Attended.csproj", "{EFE0AD88-C5CF-4DF1-8FAA-C87124B5EB29}"
EndProject
Global
	GlobalSection(SolutionConfigurationPlatforms) = preSolution
		Debug|Any CPU = Debug|Any CPU
		Release|Any CPU = Release|Any CPU
	EndGlobalSection
	GlobalSection(ProjectConfigurationPlatforms) = postSolution
		{EFE0AD88-C5CF-4DF1-8FAA-C87124B5EB29}.Debug|Any CPU.ActiveCfg = Debug|Any CPU
		{EFE0AD88-C5CF-4DF1-8FAA-C87124B5EB29}.Debug|Any CPU.Build.0 = Debug|Any CPU
		{EFE0AD88-C5CF-4DF1-8FAA-C87124B5EB29}.Release|Any CPU.ActiveCfg = Release|Any CPU
		{EFE0AD88-C5CF-4DF1-8FAA-C87124B5EB29}.Release|Any CPU.Build.0 = Release|Any CPU
	EndGlobalSection
	GlobalSection(SolutionProperties) = preSolution
		HideSolutionNode = FALSE
	EndGlobalSection
	GlobalSection(ExtensibilityGlobals) = postSolution
		SolutionGuid = {5AF8C4A9-E371-4854-A483-87885DCFF9D7}
	EndGlobalSection
EndGlobal
